
Microsoft Visual Studio Solution File, Format Version 12.00
# Visual Studio 14
VisualStudioVersion = 14.0.23107.0
MinimumVisualStudioVersion = 10.0.40219.1
Project("{FAE04EC0-301F-11D3-BF4B-00C04F79EFBC}") = "Exp001_Sb_Contract", "Exp001_Sb_Contract\Exp001_Sb_Contract.csproj", "{2E326C80-EB4B-4BD1-8C2D-99DD9327311F}"
EndProject
Project("{FAE04EC0-301F-11D3-BF4B-00C04F79EFBC}") = "Exp001_Sb_Publisher", "Exp001_Sb_Publisher\Exp001_Sb_Publisher.csproj", "{1DD0BB64-16FE-402E-9A25-50B9E1DBDE6E}"
EndProject
Project("{FAE04EC0-301F-11D3-BF4B-00C04F79EFBC}") = "Exp001_Sb_Subscriber", "Exp001_Sb_Subscriber\Exp001_Sb_Subscriber.csproj", "{3B7B909F-4799-463F-8C20-B76B3B3D2351}"
EndProject
Project("{FAE04EC0-301F-11D3-BF4B-00C04F79EFBC}") = "Exp002_Sb_Saga", "Exp002_Sb_Saga\Exp002_Sb_Saga.csproj", "{094D7C58-F78A-4ADF-87A5-9551C6EC5D8D}"
EndProject
Project("{FAE04EC0-301F-11D3-BF4B-00C04F79EFBC}") = "Exp002_Sb_SagaCommon", "Exp002_Sb_SagaCommon\Exp002_Sb_SagaCommon.csproj", "{5A32D1F9-D2F1-483A-A98F-D8712C03A1DF}"
EndProject
Project("{FAE04EC0-301F-11D3-BF4B-00C04F79EFBC}") = "Exp002_Sb_SagaClient", "Exp002_Sb_SagaClient\Exp002_Sb_SagaClient.csproj", "{1550A464-BFF8-4C89-AA96-D2FC1CB17EB8}"
EndProject
Global
	GlobalSection(SolutionConfigurationPlatforms) = preSolution
		Debug|Any CPU = Debug|Any CPU
		Release|Any CPU = Release|Any CPU
	EndGlobalSection
	GlobalSection(ProjectConfigurationPlatforms) = postSolution
		{2E326C80-EB4B-4BD1-8C2D-99DD9327311F}.Debug|Any CPU.ActiveCfg = Debug|Any CPU
		{2E326C80-EB4B-4BD1-8C2D-99DD9327311F}.Debug|Any CPU.Build.0 = Debug|Any CPU
		{2E326C80-EB4B-4BD1-8C2D-99DD9327311F}.Release|Any CPU.ActiveCfg = Release|Any CPU
		{2E326C80-EB4B-4BD1-8C2D-99DD9327311F}.Release|Any CPU.Build.0 = Release|Any CPU
		{1DD0BB64-16FE-402E-9A25-50B9E1DBDE6E}.Debug|Any CPU.ActiveCfg = Debug|Any CPU
		{1DD0BB64-16FE-402E-9A25-50B9E1DBDE6E}.Debug|Any CPU.Build.0 = Debug|Any CPU
		{1DD0BB64-16FE-402E-9A25-50B9E1DBDE6E}.Release|Any CPU.ActiveCfg = Release|Any CPU
		{1DD0BB64-16FE-402E-9A25-50B9E1DBDE6E}.Release|Any CPU.Build.0 = Release|Any CPU
		{3B7B909F-4799-463F-8C20-B76B3B3D2351}.Debug|Any CPU.ActiveCfg = Debug|Any CPU
		{3B7B909F-4799-463F-8C20-B76B3B3D2351}.Debug|Any CPU.Build.0 = Debug|Any CPU
		{3B7B909F-4799-463F-8C20-B76B3B3D2351}.Release|Any CPU.ActiveCfg = Release|Any CPU
		{3B7B909F-4799-463F-8C20-B76B3B3D2351}.Release|Any CPU.Build.0 = Release|Any CPU
		{094D7C58-F78A-4ADF-87A5-9551C6EC5D8D}.Debug|Any CPU.ActiveCfg = Debug|Any CPU
		{094D7C58-F78A-4ADF-87A5-9551C6EC5D8D}.Debug|Any CPU.Build.0 = Debug|Any CPU
		{094D7C58-F78A-4ADF-87A5-9551C6EC5D8D}.Release|Any CPU.ActiveCfg = Release|Any CPU
		{094D7C58-F78A-4ADF-87A5-9551C6EC5D8D}.Release|Any CPU.Build.0 = Release|Any CPU
		{5A32D1F9-D2F1-483A-A98F-D8712C03A1DF}.Debug|Any CPU.ActiveCfg = Debug|Any CPU
		{5A32D1F9-D2F1-483A-A98F-D8712C03A1DF}.Debug|Any CPU.Build.0 = Debug|Any CPU
		{5A32D1F9-D2F1-483A-A98F-D8712C03A1DF}.Release|Any CPU.ActiveCfg = Release|Any CPU
		{5A32D1F9-D2F1-483A-A98F-D8712C03A1DF}.Release|Any CPU.Build.0 = Release|Any CPU
		{1550A464-BFF8-4C89-AA96-D2FC1CB17EB8}.Debug|Any CPU.ActiveCfg = Debug|Any CPU
		{1550A464-BFF8-4C89-AA96-D2FC1CB17EB8}.Debug|Any CPU.Build.0 = Debug|Any CPU
		{1550A464-BFF8-4C89-AA96-D2FC1CB17EB8}.Release|Any CPU.ActiveCfg = Release|Any CPU
		{1550A464-BFF8-4C89-AA96-D2FC1CB17EB8}.Release|Any CPU.Build.0 = Release|Any CPU
	EndGlobalSection
	GlobalSection(SolutionProperties) = preSolution
		HideSolutionNode = FALSE
	EndGlobalSection
EndGlobal
